// !$*UTF8*$!
{
	archiveVersion = 1;
	classes = {
	};
	objectVersion = 46;
	objects = {

/* Begin PBXBuildFile section */
		12BF642B1BAC1EC1008D7712 /* main.m in Sources */ = {isa = PBXBuildFile; fileRef = 12BF642A1BAC1EC1008D7712 /* main.m */; };
		12BF642E1BAC1EC1008D7712 /* AppDelegate.m in Sources */ = {isa = PBXBuildFile; fileRef = 12BF642D1BAC1EC1008D7712 /* AppDelegate.m */; };
		12BF64311BAC1EC1008D7712 /* ViewController.m in Sources */ = {isa = PBXBuildFile; fileRef = 12BF64301BAC1EC1008D7712 /* ViewController.m */; };
		12BF64341BAC1EC1008D7712 /* Main.storyboard in Resources */ = {isa = PBXBuildFile; fileRef = 12BF64321BAC1EC1008D7712 /* Main.storyboard */; };
		12BF64361BAC1EC2008D7712 /* Assets.xcassets in Resources */ = {isa = PBXBuildFile; fileRef = 12BF64351BAC1EC2008D7712 /* Assets.xcassets */; };
		12BF64391BAC1EC2008D7712 /* LaunchScreen.storyboard in Resources */ = {isa = PBXBuildFile; fileRef = 12BF64371BAC1EC2008D7712 /* LaunchScreen.storyboard */; };
/* End PBXBuildFile section */

/* Begin PBXFileReference section */
		12BF64261BAC1EC1008D7712 /* LevonTest.app */ = {isa = PBXFileReference; explicitFileType = wrapper.application; includeInIndex = 0; path = LevonTest.app; sourceTree = BUILT_PRODUCTS_DIR; };
		12BF642A1BAC1EC1008D7712 /* main.m */ = {isa = PBXFileReference; lastKnownFileType = sourcecode.c.objc; path = main.m; sourceTree = "<group>"; };
		12BF642C1BAC1EC1008D7712 /* AppDelegate.h */ = {isa = PBXFileReference; lastKnownFileType = sourcecode.c.h; path = AppDelegate.h; sourceTree = "<group>"; };
		12BF642D1BAC1EC1008D7712 /* AppDelegate.m */ = {isa = PBXFileReference; lastKnownFileType = sourcecode.c.objc; path = AppDelegate.m; sourceTree = "<group>"; };
		12BF642F1BAC1EC1008D7712 /* ViewController.h */ = {isa = PBXFileReference; lastKnownFileType = sourcecode.c.h; path = ViewController.h; sourceTree = "<group>"; };
		12BF64301BAC1EC1008D7712 /* ViewController.m */ = {isa = PBXFileReference; lastKnownFileType = sourcecode.c.objc; path = ViewController.m; sourceTree = "<group>"; };
		12BF64331BAC1EC1008D7712 /* Base */ = {isa = PBXFileReference; lastKnownFileType = file.storyboard; name = Base; path = Base.lproj/Main.storyboard; sourceTree = "<group>"; };
		12BF64351BAC1EC2008D7712 /* Assets.xcassets */ = {isa = PBXFileReference; lastKnownFileType = folder.assetcatalog; path = Assets.xcassets; sourceTree = "<group>"; };
		12BF64381BAC1EC2008D7712 /* Base */ = {isa = PBXFileReference; lastKnownFileType = file.storyboard; name = Base; path = Base.lproj/LaunchScreen.storyboard; sourceTree = "<group>"; };
		12BF643A1BAC1EC2008D7712 /* Info.plist */ = {isa = PBXFileReference; lastKnownFileType = text.plist.xml; path = Info.plist; sourceTree = "<group>"; };
/* End PBXFileReference section */

/* Begin PBXFrameworksBuildPhase section */
		12BF64231BAC1EC1008D7712 /* Frameworks */ = {
			isa = PBXFrameworksBuildPhase;
			buildActionMask = 2147483647;
			files = (
			);
			runOnlyForDeploymentPostprocessing = 0;
		};
/* End PBXFrameworksBuildPhase section */

/* Begin PBXGroup section */
		12BF641D1BAC1EC1008D7712 = {
			isa = PBXGroup;
			children = (
				12BF64281BAC1EC1008D7712 /* LevonTest */,
				12BF64271BAC1EC1008D7712 /* Products */,
			);
			sourceTree = "<group>";
		};
		12BF64271BAC1EC1008D7712 /* Products */ = {
			isa = PBXGroup;
			children = (
				12BF64261BAC1EC1008D7712 /* LevonTest.app */,
			);
			name = Products;
			sourceTree = "<group>";
		};
		12BF64281BAC1EC1008D7712 /* LevonTest */ = {
			isa = PBXGroup;
			children = (
				12BF642C1BAC1EC1008D7712 /* AppDelegate.h */,
				12BF642D1BAC1EC1008D7712 /* AppDelegate.m */,
				12BF642F1BAC1EC1008D7712 /* ViewController.h */,
				12BF64301BAC1EC1008D7712 /* ViewController.m */,
				12BF64321BAC1EC1008D7712 /* Main.storyboard */,
				12BF64351BAC1EC2008D7712 /* Assets.xcassets */,
				12BF64371BAC1EC2008D7712 /* LaunchScreen.storyboard */,
				12BF643A1BAC1EC2008D7712 /* Info.plist */,
				12BF64291BAC1EC1008D7712 /* Supporting Files */,
			);
			path = LevonTest;
			sourceTree = "<group>";
		};
		12BF64291BAC1EC1008D7712 /* Supporting Files */ = {
			isa = PBXGroup;
			children = (
				12BF642A1BAC1EC1008D7712 /* main.m */,
			);
			name = "Supporting Files";
			sourceTree = "<group>";
		};
/* End PBXGroup section */

/* Begin PBXNativeTarget section */
		12BF64251BAC1EC1008D7712 /* LevonTest */ = {
			isa = PBXNativeTarget;
			buildConfigurationList = 12BF643D1BAC1EC2008D7712 /* Build configuration list for PBXNativeTarget "LevonTest" */;
			buildPhases = (
				12BF64221BAC1EC1008D7712 /* Sources */,
				12BF64231BAC1EC1008D7712 /* Frameworks */,
				12BF64241BAC1EC1008D7712 /* Resources */,
			);
			buildRules = (
			);
			dependencies = (
			);
			name = LevonTest;
			productName = LevonTest;
			productReference = 12BF64261BAC1EC1008D7712 /* LevonTest.app */;
			productType = "com.apple.product-type.application";
		};
/* End PBXNativeTarget section */

/* Begin PBXProject section */
		12BF641E1BAC1EC1008D7712 /* Project object */ = {
			isa = PBXProject;
			attributes = {
				LastUpgradeCheck = 0700;
				ORGANIZATIONNAME = "Levon Nikoghosyan";
				TargetAttributes = {
					12BF64251BAC1EC1008D7712 = {
						CreatedOnToolsVersion = 7.0;
					};
				};
			};
			buildConfigurationList = 12BF64211BAC1EC1008D7712 /* Build configuration list for PBXProject "LevonTest" */;
			compatibilityVersion = "Xcode 3.2";
			developmentRegion = English;
			hasScannedForEncodings = 0;
			knownRegions = (
				en,
				Base,
			);
			mainGroup = 12BF641D1BAC1EC1008D7712;
			productRefGroup = 12BF64271BAC1EC1008D7712 /* Products */;
			projectDirPath = "";
			projectRoot = "";
			targets = (
				12BF64251BAC1EC1008D7712 /* LevonTest */,
			);
		};
/* End PBXProject section */

/* Begin PBXResourcesBuildPhase section */
		12BF64241BAC1EC1008D7712 /* Resources */ = {
			isa = PBXResourcesBuildPhase;
			buildActionMask = 2147483647;
			files = (
				12BF64391BAC1EC2008D7712 /* LaunchScreen.storyboard in Resources */,
				12BF64361BAC1EC2008D7712 /* Assets.xcassets in Resources */,
				12BF64341BAC1EC1008D7712 /* Main.storyboard in Resources */,
			);
			runOnlyForDeploymentPostprocessing = 0;
		};
/* End PBXResourcesBuildPhase section */

/* Begin PBXSourcesBuildPhase section */
		12BF64221BAC1EC1008D7712 /* Sources */ = {
			isa = PBXSourcesBuildPhase;
			buildActionMask = 2147483647;
			files = (
				12BF64311BAC1EC1008D7712 /* ViewController.m in Sources */,
				12BF642E1BAC1EC1008D7712 /* AppDelegate.m in Sources */,
				12BF642B1BAC1EC1008D7712 /* main.m in Sources */,
			);
			runOnlyForDeploymentPostprocessing = 0;
		};
/* End PBXSourcesBuildPhase section */

/* Begin PBXVariantGroup section */
		12BF64321BAC1EC1008D7712 /* Main.storyboard */ = {
			isa = PBXVariantGroup;
			children = (
				12BF64331BAC1EC1008D7712 /* Base */,
			);
			name = Main.storyboard;
			sourceTree = "<group>";
		};
		12BF64371BAC1EC2008D7712 /* LaunchScreen.storyboard */ = {
			isa = PBXVariantGroup;
			children = (
				12BF64381BAC1EC2008D7712 /* Base */,
			);
			name = LaunchScreen.storyboard;
			sourceTree = "<group>";
		};
/* End PBXVariantGroup section */

/* Begin XCBuildConfiguration section */
		12BF643B1BAC1EC2008D7712 /* Debug */ = {
			isa = XCBuildConfiguration;
			buildSettings = {
				ALWAYS_SEARCH_USER_PATHS = NO;
				CLANG_CXX_LANGUAGE_STANDARD = "gnu++0x";
				CLANG_CXX_LIBRARY = "libc++";
				CLANG_ENABLE_MODULES = YES;
				CLANG_ENABLE_OBJC_ARC = YES;
				CLANG_WARN_BOOL_CONVERSION = YES;
				CLANG_WARN_CONSTANT_CONVERSION = YES;
				CLANG_WARN_DIRECT_OBJC_ISA_USAGE = YES_ERROR;
				CLANG_WARN_EMPTY_BODY = YES;
				CLANG_WARN_ENUM_CONVERSION = YES;
				CLANG_WARN_INT_CONVERSION = YES;
				CLANG_WARN_OBJC_ROOT_CLASS = YES_ERROR;
				CLANG_WARN_UNREACHABLE_CODE = YES;
				CLANG_WARN__DUPLICATE_METHOD_MATCH = YES;
				"CODE_SIGN_IDENTITY[sdk=iphoneos*]" = "iPhone Developer";
				COPY_PHASE_STRIP = NO;
				DEBUG_INFORMATION_FORMAT = dwarf;
				ENABLE_STRICT_OBJC_MSGSEND = YES;
				ENABLE_TESTABILITY = YES;
				GCC_C_LANGUAGE_STANDARD = gnu99;
				GCC_DYNAMIC_NO_PIC = NO;
				GCC_NO_COMMON_BLOCKS = YES;
				GCC_OPTIMIZATION_LEVEL = 0;
				GCC_PREPROCESSOR_DEFINITIONS = (
					"DEBUG=1",
					"$(inherited)",
				);
				GCC_WARN_64_TO_32_BIT_CONVERSION = YES;
				GCC_WARN_ABOUT_RETURN_TYPE = YES_ERROR;
				GCC_WARN_UNDECLARED_SELECTOR = YES;
				GCC_WARN_UNINITIALIZED_AUTOS = YES_AGGRESSIVE;
				GCC_WARN_UNUSED_FUNCTION = YES;
				GCC_WARN_UNUSED_VARIABLE = YES;
				IPHONEOS_DEPLOYMENT_TARGET = 9.0;
				MTL_ENABLE_DEBUG_INFO = YES;
				ONLY_ACTIVE_ARCH = YES;
				SDKROOT = iphoneos;
				TARGETED_DEVICE_FAMILY = "1,2";
			};
			name = Debug;
		};
		12BF643C1BAC1EC2008D7712 /* Release */ = {
			isa = XCBuildConfiguration;
			buildSettings = {
				ALWAYS_SEARCH_USER_PATHS = NO;
				CLANG_CXX_LANGUAGE_STANDARD = "gnu++0x";
				CLANG_CXX_LIBRARY = "libc++";
				CLANG_ENABLE_MODULES = YES;
				CLANG_ENABLE_OBJC_ARC = YES;
				CLANG_WARN_BOOL_CONVERSION = YES;
				CLANG_WARN_CONSTANT_CONVERSION = YES;
				CLANG_WARN_DIRECT_OBJC_ISA_USAGE = YES_ERROR;
				CLANG_WARN_EMPTY_BODY = YES;
				CLANG_WARN_ENUM_CONVERSION = YES;
				CLANG_WARN_INT_CONVERSION = YES;
				CLANG_WARN_OBJC_ROOT_CLASS = YES_ERROR;
				CLANG_WARN_UNREACHABLE_CODE = YES;
				CLANG_WARN__DUPLICATE_METHOD_MATCH = YES;
				"CODE_SIGN_IDENTITY[sdk=iphoneos*]" = "iPhone Developer";
				COPY_PHASE_STRIP = NO;
				DEBUG_INFORMATION_FORMAT = "dwarf-with-dsym";
				ENABLE_NS_ASSERTIONS = NO;
				ENABLE_STRICT_OBJC_MSGSEND = YES;
				GCC_C_LANGUAGE_STANDARD = gnu99;
				GCC_NO_COMMON_BLOCKS = YES;
				GCC_WARN_64_TO_32_BIT_CONVERSION = YES;
				GCC_WARN_ABOUT_RETURN_TYPE = YES_ERROR;
				GCC_WARN_UNDECLARED_SELECTOR = YES;
				GCC_WARN_UNINITIALIZED_AUTOS = YES_AGGRESSIVE;
				GCC_WARN_UNUSED_FUNCTION = YES;
				GCC_WARN_UNUSED_VARIABLE = YES;
				IPHONEOS_DEPLOYMENT_TARGET = 9.0;
				MTL_ENABLE_DEBUG_INFO = NO;
				SDKROOT = iphoneos;
				TARGETED_DEVICE_FAMILY = "1,2";
				VALIDATE_PRODUCT = YES;
			};
			name = Release;
		};
		12BF643E1BAC1EC2008D7712 /* Debug */ = {
			isa = XCBuildConfiguration;
			buildSettings = {
				ASSETCATALOG_COMPILER_APPICON_NAME = AppIcon;
				INFOPLIST_FILE = LevonTest/Info.plist;
				LD_RUNPATH_SEARCH_PATHS = "$(inherited) @executable_path/Frameworks";
				PRODUCT_BUNDLE_IDENTIFIER = EGS.LevonTest;
				PRODUCT_NAME = "$(TARGET_NAME)";
			};
			name = Debug;
		};
		12BF643F1BAC1EC2008D7712 /* Release */ = {
			isa = XCBuildConfiguration;
			buildSettings = {
				ASSETCATALOG_COMPILER_APPICON_NAME = AppIcon;
				INFOPLIST_FILE = LevonTest/Info.plist;
				LD_RUNPATH_SEARCH_PATHS = "$(inherited) @executable_path/Frameworks";
				PRODUCT_BUNDLE_IDENTIFIER = EGS.LevonTest;
				PRODUCT_NAME = "$(TARGET_NAME)";
			};
			name = Release;
		};
/* End XCBuildConfiguration section */

/* Begin XCConfigurationList section */
		12BF64211BAC1EC1008D7712 /* Build configuration list for PBXProject "LevonTest" */ = {
			isa = XCConfigurationList;
			buildConfigurations = (
				12BF643B1BAC1EC2008D7712 /* Debug */,
				12BF643C1BAC1EC2008D7712 /* Release */,
			);
			defaultConfigurationIsVisible = 0;
			defaultConfigurationName = Release;
		};
		12BF643D1BAC1EC2008D7712 /* Build configuration list for PBXNativeTarget "LevonTest" */ = {
			isa = XCConfigurationList;
			buildConfigurations = (
				12BF643E1BAC1EC2008D7712 /* Debug */,
				12BF643F1BAC1EC2008D7712 /* Release */,
			);
			defaultConfigurationIsVisible = 0;
		};
/* End XCConfigurationList section */
	};
	rootObject = 12BF641E1BAC1EC1008D7712 /* Project object */;
}
